
Microsoft Visual Studio Solution File, Format Version 12.00
# Visual Studio Version 17
VisualStudioVersion = 17.7.34031.279
MinimumVisualStudioVersion = 10.0.40219.1
Project("{9A19103F-16F7-4668-BE54-9A1E7A4F7556}") = "SpotifyLike.Domain", "SpotifyLike.Domain\SpotifyLike.Domain.csproj", "{19EC5B1A-5D83-4A41-A23D-D5677F1FDA32}"
EndProject
Project("{9A19103F-16F7-4668-BE54-9A1E7A4F7556}") = "SpotifyLike.Tests", "SpotifyLike.Tests\SpotifyLike.Tests.csproj", "{978E34A4-07F4-4460-88CA-654DAB5E0D93}"
EndProject
Project("{9A19103F-16F7-4668-BE54-9A1E7A4F7556}") = "SpotifyLike.Repository", "SpotifyLike.Repository\SpotifyLike.Repository.csproj", "{09AFFDDB-CAE2-4F1E-9CB3-A5AE1F7D6E89}"
EndProject
Project("{9A19103F-16F7-4668-BE54-9A1E7A4F7556}") = "SpotifyLike.Api", "SpotifyLike.API\SpotifyLike.Api.csproj", "{71617011-FBE2-413F-9ED7-B2249C49E73C}"
EndProject
Project("{9A19103F-16F7-4668-BE54-9A1E7A4F7556}") = "SpotifyLike.Application", "SpotifyLike.Application\SpotifyLike.Application.csproj", "{F8AC3AC2-7D38-49AA-A036-8887BBBD1A8C}"
EndProject
Global
	GlobalSection(SolutionConfigurationPlatforms) = preSolution
		Debug|Any CPU = Debug|Any CPU
		Release|Any CPU = Release|Any CPU
	EndGlobalSection
	GlobalSection(ProjectConfigurationPlatforms) = postSolution
		{19EC5B1A-5D83-4A41-A23D-D5677F1FDA32}.Debug|Any CPU.ActiveCfg = Debug|Any CPU
		{19EC5B1A-5D83-4A41-A23D-D5677F1FDA32}.Debug|Any CPU.Build.0 = Debug|Any CPU
		{19EC5B1A-5D83-4A41-A23D-D5677F1FDA32}.Release|Any CPU.ActiveCfg = Release|Any CPU
		{19EC5B1A-5D83-4A41-A23D-D5677F1FDA32}.Release|Any CPU.Build.0 = Release|Any CPU
		{978E34A4-07F4-4460-88CA-654DAB5E0D93}.Debug|Any CPU.ActiveCfg = Debug|Any CPU
		{978E34A4-07F4-4460-88CA-654DAB5E0D93}.Debug|Any CPU.Build.0 = Debug|Any CPU
		{978E34A4-07F4-4460-88CA-654DAB5E0D93}.Release|Any CPU.ActiveCfg = Release|Any CPU
		{978E34A4-07F4-4460-88CA-654DAB5E0D93}.Release|Any CPU.Build.0 = Release|Any CPU
		{09AFFDDB-CAE2-4F1E-9CB3-A5AE1F7D6E89}.Debug|Any CPU.ActiveCfg = Debug|Any CPU
		{09AFFDDB-CAE2-4F1E-9CB3-A5AE1F7D6E89}.Debug|Any CPU.Build.0 = Debug|Any CPU
		{09AFFDDB-CAE2-4F1E-9CB3-A5AE1F7D6E89}.Release|Any CPU.ActiveCfg = Release|Any CPU
		{09AFFDDB-CAE2-4F1E-9CB3-A5AE1F7D6E89}.Release|Any CPU.Build.0 = Release|Any CPU
		{71617011-FBE2-413F-9ED7-B2249C49E73C}.Debug|Any CPU.ActiveCfg = Debug|Any CPU
		{71617011-FBE2-413F-9ED7-B2249C49E73C}.Debug|Any CPU.Build.0 = Debug|Any CPU
		{71617011-FBE2-413F-9ED7-B2249C49E73C}.Release|Any CPU.ActiveCfg = Release|Any CPU
		{71617011-FBE2-413F-9ED7-B2249C49E73C}.Release|Any CPU.Build.0 = Release|Any CPU
		{F8AC3AC2-7D38-49AA-A036-8887BBBD1A8C}.Debug|Any CPU.ActiveCfg = Debug|Any CPU
		{F8AC3AC2-7D38-49AA-A036-8887BBBD1A8C}.Debug|Any CPU.Build.0 = Debug|Any CPU
		{F8AC3AC2-7D38-49AA-A036-8887BBBD1A8C}.Release|Any CPU.ActiveCfg = Release|Any CPU
		{F8AC3AC2-7D38-49AA-A036-8887BBBD1A8C}.Release|Any CPU.Build.0 = Release|Any CPU
	EndGlobalSection
	GlobalSection(SolutionProperties) = preSolution
		HideSolutionNode = FALSE
	EndGlobalSection
	GlobalSection(ExtensibilityGlobals) = postSolution
		SolutionGuid = {3BD85933-D659-4005-A189-8D49BF1A411D}
	EndGlobalSection
EndGlobal
